Microsoft Visual Studio Solution File, Format Version 11.00
# Visual Studio 2008

Project("{28A8DEDC-2C10-2A08-DD84-FEE4F9001C64}") = "matrixGame", "Assembly-CSharp.csproj", "{8FC58A0F-2045-1C22-CDBE-3EDB28692C4F}"
EndProject
Project("{28A8DEDC-2C10-2A08-DD84-FEE4F9001C64}") = "matrixGame", "Assembly-CSharp-Editor.csproj", "{A3748FE7-E526-E6B7-DFEA-9DEE32C214A0}"
EndProject
Global
	GlobalSection(SolutionConfigurationPlatforms) = preSolution
		Debug|Any CPU = Debug|Any CPU
		Release|Any CPU = Release|Any CPU
	EndGlobalSection
	GlobalSection(ProjectConfigurationPlatforms) = postSolution
		{8FC58A0F-2045-1C22-CDBE-3EDB28692C4F}.Debug|Any CPU.ActiveCfg = Debug|Any CPU
		{8FC58A0F-2045-1C22-CDBE-3EDB28692C4F}.Debug|Any CPU.Build.0 = Debug|Any CPU
		{8FC58A0F-2045-1C22-CDBE-3EDB28692C4F}.Release|Any CPU.ActiveCfg = Release|Any CPU
		{8FC58A0F-2045-1C22-CDBE-3EDB28692C4F}.Release|Any CPU.Build.0 = Release|Any CPU
		{A3748FE7-E526-E6B7-DFEA-9DEE32C214A0}.Debug|Any CPU.ActiveCfg = Debug|Any CPU
		{A3748FE7-E526-E6B7-DFEA-9DEE32C214A0}.Debug|Any CPU.Build.0 = Debug|Any CPU
		{A3748FE7-E526-E6B7-DFEA-9DEE32C214A0}.Release|Any CPU.ActiveCfg = Release|Any CPU
		{A3748FE7-E526-E6B7-DFEA-9DEE32C214A0}.Release|Any CPU.Build.0 = Release|Any CPU
	EndGlobalSection
	GlobalSection(SolutionProperties) = preSolution
		HideSolutionNode = FALSE
	EndGlobalSection
	GlobalSection(MonoDevelopProperties) = preSolution
		StartupItem = Assembly-CSharp.csproj
	EndGlobalSection
EndGlobal
