
Microsoft Visual Studio Solution File, Format Version 12.00
# Visual Studio 2015
Project("{FAE04EC0-301F-11D3-BF4B-00C04F79EFBC}") = "Parma.CSharp", "Parma.CSharp.csproj", "{EB48B4DE-FDD1-5676-CA5F-3E341A38297B}"
EndProject
Project("{FAE04EC0-301F-11D3-BF4B-00C04F79EFBC}") = "Parma.CSharp.Editor", "Parma.CSharp.Editor.csproj", "{87CFF455-1E3F-02F1-5F6F-0101D63012B5}"
EndProject
Global
	GlobalSection(SolutionConfigurationPlatforms) = preSolution
		Debug|Any CPU = Debug|Any CPU
		Release|Any CPU = Release|Any CPU
	EndGlobalSection
	GlobalSection(ProjectConfigurationPlatforms) = postSolution
		{EB48B4DE-FDD1-5676-CA5F-3E341A38297B}.Debug|Any CPU.ActiveCfg = Debug|Any CPU
		{EB48B4DE-FDD1-5676-CA5F-3E341A38297B}.Debug|Any CPU.Build.0 = Debug|Any CPU
		{EB48B4DE-FDD1-5676-CA5F-3E341A38297B}.Release|Any CPU.ActiveCfg = Release|Any CPU
		{EB48B4DE-FDD1-5676-CA5F-3E341A38297B}.Release|Any CPU.Build.0 = Release|Any CPU
		{87CFF455-1E3F-02F1-5F6F-0101D63012B5}.Debug|Any CPU.ActiveCfg = Debug|Any CPU
		{87CFF455-1E3F-02F1-5F6F-0101D63012B5}.Debug|Any CPU.Build.0 = Debug|Any CPU
		{87CFF455-1E3F-02F1-5F6F-0101D63012B5}.Release|Any CPU.ActiveCfg = Release|Any CPU
		{87CFF455-1E3F-02F1-5F6F-0101D63012B5}.Release|Any CPU.Build.0 = Release|Any CPU
	EndGlobalSection
	GlobalSection(SolutionProperties) = preSolution
		HideSolutionNode = FALSE
	EndGlobalSection
EndGlobal
